
Microsoft Visual Studio Solution File, Format Version 12.00
# Visual Studio Version 17
VisualStudioVersion = 17.14.36127.28
MinimumVisualStudioVersion = 10.0.40219.1
Project("{FAE04EC0-301F-11D3-BF4B-00C04F79EFBC}") = "BusinessObjects", "BusinessObjects\BusinessObjects.csproj", "{5821AD71-5F86-4BBC-BD74-C20A6F120573}"
EndProject
Project("{FAE04EC0-301F-11D3-BF4B-00C04F79EFBC}") = "DataAccessLayer", "DataAccessLayer\DataAccessLayer.csproj", "{45FB1B17-C308-469C-8768-A7E223E297DC}"
EndProject
Project("{FAE04EC0-301F-11D3-BF4B-00C04F79EFBC}") = "Service", "Service\Service.csproj", "{58D7794F-DDFC-46C3-89DD-96311D3D07F6}"
EndProject
Project("{FAE04EC0-301F-11D3-BF4B-00C04F79EFBC}") = "WpfApp", "WpfApp\WpfApp.csproj", "{49EB04C0-9A85-4B2B-AA25-F7CEE1D3A8A6}"
EndProject
Global
	GlobalSection(SolutionConfigurationPlatforms) = preSolution
		Debug|Any CPU = Debug|Any CPU
		Release|Any CPU = Release|Any CPU
	EndGlobalSection
	GlobalSection(ProjectConfigurationPlatforms) = postSolution
		{5821AD71-5F86-4BBC-BD74-C20A6F120573}.Debug|Any CPU.ActiveCfg = Debug|Any CPU
		{5821AD71-5F86-4BBC-BD74-C20A6F120573}.Debug|Any CPU.Build.0 = Debug|Any CPU
		{5821AD71-5F86-4BBC-BD74-C20A6F120573}.Release|Any CPU.ActiveCfg = Release|Any CPU
		{5821AD71-5F86-4BBC-BD74-C20A6F120573}.Release|Any CPU.Build.0 = Release|Any CPU
		{45FB1B17-C308-469C-8768-A7E223E297DC}.Debug|Any CPU.ActiveCfg = Debug|Any CPU
		{45FB1B17-C308-469C-8768-A7E223E297DC}.Debug|Any CPU.Build.0 = Debug|Any CPU
		{45FB1B17-C308-469C-8768-A7E223E297DC}.Release|Any CPU.ActiveCfg = Release|Any CPU
		{45FB1B17-C308-469C-8768-A7E223E297DC}.Release|Any CPU.Build.0 = Release|Any CPU
		{58D7794F-DDFC-46C3-89DD-96311D3D07F6}.Debug|Any CPU.ActiveCfg = Debug|Any CPU
		{58D7794F-DDFC-46C3-89DD-96311D3D07F6}.Debug|Any CPU.Build.0 = Debug|Any CPU
		{58D7794F-DDFC-46C3-89DD-96311D3D07F6}.Release|Any CPU.ActiveCfg = Release|Any CPU
		{58D7794F-DDFC-46C3-89DD-96311D3D07F6}.Release|Any CPU.Build.0 = Release|Any CPU
		{49EB04C0-9A85-4B2B-AA25-F7CEE1D3A8A6}.Debug|Any CPU.ActiveCfg = Debug|Any CPU
		{49EB04C0-9A85-4B2B-AA25-F7CEE1D3A8A6}.Debug|Any CPU.Build.0 = Debug|Any CPU
		{49EB04C0-9A85-4B2B-AA25-F7CEE1D3A8A6}.Release|Any CPU.ActiveCfg = Release|Any CPU
		{49EB04C0-9A85-4B2B-AA25-F7CEE1D3A8A6}.Release|Any CPU.Build.0 = Release|Any CPU
	EndGlobalSection
	GlobalSection(SolutionProperties) = preSolution
		HideSolutionNode = FALSE
	EndGlobalSection
	GlobalSection(ExtensibilityGlobals) = postSolution
		SolutionGuid = {8BCB56CB-6610-4D08-A831-24EEFB854B5D}
	EndGlobalSection
EndGlobal
