
Microsoft Visual Studio Solution File, Format Version 12.00
# Visual Studio Version 17
VisualStudioVersion = 17.14.36127.28
MinimumVisualStudioVersion = 10.0.40219.1
Project("{FAE04EC0-301F-11D3-BF4B-00C04F79EFBC}") = "WpfApp", "WpfApp\WpfApp.csproj", "{79051955-17E5-4E60-94E5-FA3EEDC1AEF9}"
EndProject
Project("{FAE04EC0-301F-11D3-BF4B-00C04F79EFBC}") = "BusinessObjects", "BusinessObjects\BusinessObjects.csproj", "{10E56E0D-5FCD-4569-9561-AE9E90CFE272}"
EndProject
Project("{FAE04EC0-301F-11D3-BF4B-00C04F79EFBC}") = "DataAccessLayer", "DataAccessLayer\DataAccessLayer.csproj", "{BFDC647C-5CCB-48F4-B35E-DF3D93C6F684}"
EndProject
Project("{FAE04EC0-301F-11D3-BF4B-00C04F79EFBC}") = "Service", "Service\Service.csproj", "{042DDA18-2E53-4659-AF30-70EC4325E1A9}"
EndProject
Global
	GlobalSection(SolutionConfigurationPlatforms) = preSolution
		Debug|Any CPU = Debug|Any CPU
		Release|Any CPU = Release|Any CPU
	EndGlobalSection
	GlobalSection(ProjectConfigurationPlatforms) = postSolution
		{79051955-17E5-4E60-94E5-FA3EEDC1AEF9}.Debug|Any CPU.ActiveCfg = Debug|Any CPU
		{79051955-17E5-4E60-94E5-FA3EEDC1AEF9}.Debug|Any CPU.Build.0 = Debug|Any CPU
		{79051955-17E5-4E60-94E5-FA3EEDC1AEF9}.Release|Any CPU.ActiveCfg = Release|Any CPU
		{79051955-17E5-4E60-94E5-FA3EEDC1AEF9}.Release|Any CPU.Build.0 = Release|Any CPU
		{10E56E0D-5FCD-4569-9561-AE9E90CFE272}.Debug|Any CPU.ActiveCfg = Debug|Any CPU
		{10E56E0D-5FCD-4569-9561-AE9E90CFE272}.Debug|Any CPU.Build.0 = Debug|Any CPU
		{10E56E0D-5FCD-4569-9561-AE9E90CFE272}.Release|Any CPU.ActiveCfg = Release|Any CPU
		{10E56E0D-5FCD-4569-9561-AE9E90CFE272}.Release|Any CPU.Build.0 = Release|Any CPU
		{BFDC647C-5CCB-48F4-B35E-DF3D93C6F684}.Debug|Any CPU.ActiveCfg = Debug|Any CPU
		{BFDC647C-5CCB-48F4-B35E-DF3D93C6F684}.Debug|Any CPU.Build.0 = Debug|Any CPU
		{BFDC647C-5CCB-48F4-B35E-DF3D93C6F684}.Release|Any CPU.ActiveCfg = Release|Any CPU
		{BFDC647C-5CCB-48F4-B35E-DF3D93C6F684}.Release|Any CPU.Build.0 = Release|Any CPU
		{042DDA18-2E53-4659-AF30-70EC4325E1A9}.Debug|Any CPU.ActiveCfg = Debug|Any CPU
		{042DDA18-2E53-4659-AF30-70EC4325E1A9}.Debug|Any CPU.Build.0 = Debug|Any CPU
		{042DDA18-2E53-4659-AF30-70EC4325E1A9}.Release|Any CPU.ActiveCfg = Release|Any CPU
		{042DDA18-2E53-4659-AF30-70EC4325E1A9}.Release|Any CPU.Build.0 = Release|Any CPU
	EndGlobalSection
	GlobalSection(SolutionProperties) = preSolution
		HideSolutionNode = FALSE
	EndGlobalSection
	GlobalSection(ExtensibilityGlobals) = postSolution
		SolutionGuid = {8BCB56CB-6610-4D08-A831-24EEFB854B5D}
	EndGlobalSection
EndGlobal
